
Microsoft Visual Studio Solution File, Format Version 12.00
# Visual Studio Version 17
VisualStudioVersion = 17.8.34330.188
MinimumVisualStudioVersion = 10.0.40219.1
Project("{FAE04EC0-301F-11D3-BF4B-00C04F79EFBC}") = "Numeric_Conversion", "Numeric_Conversion\Numeric_Conversion.csproj", "{318B70E2-EB38-4ECB-9B7C-7424EC8AFEE7}"
EndProject
Global
	GlobalSection(SolutionConfigurationPlatforms) = preSolution
		Debug|Any CPU = Debug|Any CPU
		Release|Any CPU = Release|Any CPU
	EndGlobalSection
	GlobalSection(ProjectConfigurationPlatforms) = postSolution
		{318B70E2-EB38-4ECB-9B7C-7424EC8AFEE7}.Debug|Any CPU.ActiveCfg = Debug|Any CPU
		{318B70E2-EB38-4ECB-9B7C-7424EC8AFEE7}.Debug|Any CPU.Build.0 = Debug|Any CPU
		{318B70E2-EB38-4ECB-9B7C-7424EC8AFEE7}.Release|Any CPU.ActiveCfg = Release|Any CPU
		{318B70E2-EB38-4ECB-9B7C-7424EC8AFEE7}.Release|Any CPU.Build.0 = Release|Any CPU
	EndGlobalSection
	GlobalSection(SolutionProperties) = preSolution
		HideSolutionNode = FALSE
	EndGlobalSection
	GlobalSection(ExtensibilityGlobals) = postSolution
		SolutionGuid = {1D55BD6C-5350-4DD7-AFF9-D0000A1AECED}
	EndGlobalSection
EndGlobal
